{
  "name": "zhidu-server",
  "lockfileVersion": 3,
  "requires": true,
  "packages": {
    "": {
      "name": "zhidu-server",
      "dependencies": {
        "@dangao/bun-server": "latest"
      }
    },
    "node_modules/@dangao/bun-server": {
      "version": "2.0.3",
      "resolved": "https://registry.npmmirror.com/@dangao/bun-server/-/bun-server-2.0.3.tgz",
      "integrity": "sha512-UhMYlvimXNIULpSoUflVmxL/5p2n4sDZ+Wfx9kL3qi1wkaYZnTOMhskxLPZq39LgVpUXYQ8RzHAv+hWi/C0WXg==",
      "dependencies": {
        "@dangao/logsmith": "0.2.0",
        "@dangao/nacos-client": "0.1.1",
        "reflect-metadata": "^0.2.2"
      },
      "engines": {
        "bun": ">=1.3.10"
      }
    },
    "node_modules/@dangao/logsmith": {
      "version": "0.2.0",
      "resolved": "https://registry.npmmirror.com/@dangao/logsmith/-/logsmith-0.2.0.tgz",
      "integrity": "sha512-yIw68Cq8GwZBQPCU1PDyYVv648T20WFjNSAWSHNY4NVfi/wtRK9rcIYlCqrZyl6CxVKWIUcog44ecpPNWpqwtw=="
    },
    "node_modules/@dangao/nacos-client": {
      "version": "0.1.1",
      "resolved": "https://registry.npmmirror.com/@dangao/nacos-client/-/nacos-client-0.1.1.tgz",
      "integrity": "sha512-6qjQ8m9++1cASkBtWCEGPXfxFBpnxYkpxQ7J1eAzXktNLin08C9xwqGe8AizEEBf912gfjci9WsKdQ2KlZfm7Q=="
    },
    "node_modules/reflect-metadata": {
      "version": "0.2.2",
      "resolved": "https://registry.npmmirror.com/reflect-metadata/-/reflect-metadata-0.2.2.tgz",
      "integrity": "sha512-urBwgfrvVP/eAyXx4hluJivBKzuEbSQs9rKWCrCkbSxNv8mxPcUZKeuoF3Uy4mJl3Lwprp6yy5/39VWigZ4K6Q=="
    }
  }
}
